
Microsoft Visual Studio Solution File, Format Version 12.00
# Visual Studio Version 16
VisualStudioVersion = 16.0.30907.101
MinimumVisualStudioVersion = 10.0.40219.1
Project("{FAE04EC0-301F-11D3-BF4B-00C04F79EFBC}") = "MyDictionary", "MyDictionary\MyDictionary.csproj", "{3189509A-23F7-4F4E-BB50-254AFA202888}"
EndProject
Global
	GlobalSection(SolutionConfigurationPlatforms) = preSolution
		Debug|Any CPU = Debug|Any CPU
		Release|Any CPU = Release|Any CPU
	EndGlobalSection
	GlobalSection(ProjectConfigurationPlatforms) = postSolution
		{3189509A-23F7-4F4E-BB50-254AFA202888}.Debug|Any CPU.ActiveCfg = Debug|Any CPU
		{3189509A-23F7-4F4E-BB50-254AFA202888}.Debug|Any CPU.Build.0 = Debug|Any CPU
		{3189509A-23F7-4F4E-BB50-254AFA202888}.Release|Any CPU.ActiveCfg = Release|Any CPU
		{3189509A-23F7-4F4E-BB50-254AFA202888}.Release|Any CPU.Build.0 = Release|Any CPU
	EndGlobalSection
	GlobalSection(SolutionProperties) = preSolution
		HideSolutionNode = FALSE
	EndGlobalSection
	GlobalSection(ExtensibilityGlobals) = postSolution
		SolutionGuid = {32737169-4AD8-4512-8A60-10EE08F0A9AB}
	EndGlobalSection
EndGlobal
